
Microsoft Visual Studio Solution File, Format Version 12.00
# Visual Studio Version 16
VisualStudioVersion = 16.0.31105.61
MinimumVisualStudioVersion = 10.0.40219.1
Project("{FAE04EC0-301F-11D3-BF4B-00C04F79EFBC}") = "Lab_4_2", "Lab_4_2\Lab_4_2.csproj", "{15B9A52F-9348-4C6C-88A4-13DFCEAB263B}"
EndProject
Global
	GlobalSection(SolutionConfigurationPlatforms) = preSolution
		Debug|Any CPU = Debug|Any CPU
		Release|Any CPU = Release|Any CPU
	EndGlobalSection
	GlobalSection(ProjectConfigurationPlatforms) = postSolution
		{15B9A52F-9348-4C6C-88A4-13DFCEAB263B}.Debug|Any CPU.ActiveCfg = Debug|Any CPU
		{15B9A52F-9348-4C6C-88A4-13DFCEAB263B}.Debug|Any CPU.Build.0 = Debug|Any CPU
		{15B9A52F-9348-4C6C-88A4-13DFCEAB263B}.Release|Any CPU.ActiveCfg = Release|Any CPU
		{15B9A52F-9348-4C6C-88A4-13DFCEAB263B}.Release|Any CPU.Build.0 = Release|Any CPU
	EndGlobalSection
	GlobalSection(SolutionProperties) = preSolution
		HideSolutionNode = FALSE
	EndGlobalSection
	GlobalSection(ExtensibilityGlobals) = postSolution
		SolutionGuid = {7C7B41CD-2373-4A1F-946D-11EE4E8BDF38}
	EndGlobalSection
EndGlobal
